
Microsoft Visual Studio Solution File, Format Version 12.00
# Visual Studio Version 17
VisualStudioVersion = 17.3.32929.385
MinimumVisualStudioVersion = 10.0.40219.1
Project("{FAE04EC0-301F-11D3-BF4B-00C04F79EFBC}") = "WebAdminPanel", "WebAdminPanel.csproj", "{FB321F7F-9FDF-4E2F-8D29-2A591F9F0963}"
EndProject
Global
	GlobalSection(SolutionConfigurationPlatforms) = preSolution
		Debug|Any CPU = Debug|Any CPU
		Release|Any CPU = Release|Any CPU
	EndGlobalSection
	GlobalSection(ProjectConfigurationPlatforms) = postSolution
		{FB321F7F-9FDF-4E2F-8D29-2A591F9F0963}.Debug|Any CPU.ActiveCfg = Debug|Any CPU
		{FB321F7F-9FDF-4E2F-8D29-2A591F9F0963}.Debug|Any CPU.Build.0 = Debug|Any CPU
		{FB321F7F-9FDF-4E2F-8D29-2A591F9F0963}.Release|Any CPU.ActiveCfg = Release|Any CPU
		{FB321F7F-9FDF-4E2F-8D29-2A591F9F0963}.Release|Any CPU.Build.0 = Release|Any CPU
	EndGlobalSection
	GlobalSection(SolutionProperties) = preSolution
		HideSolutionNode = FALSE
	EndGlobalSection
	GlobalSection(ExtensibilityGlobals) = postSolution
		SolutionGuid = {D4275317-4814-4702-8888-16205B33090D}
	EndGlobalSection
EndGlobal
